Microsoft Visual Studio Solution File, Format Version 12.00
# Visual Studio Version 17
VisualStudioVersion = 17.0.31903.59
MinimumVisualStudioVersion = 10.0.40219.1
Project("{9A19103F-16F7-4668-BE54-9A1E7A4F7556}") = "CsulokTrip", "CsulokTrip\CsulokTrip.csproj", "{7B3C1D52-4E8A-4F6B-9A21-5D0E8C3F1A47}"
EndProject
Project("{FAE04EC0-301F-11D3-BF4B-00C04F79EFBC}") = "CsulokTrip.test", "CsulokTrip.test\CsulokTrip.test.csproj", "{10534482-7873-4A54-9F8B-7C675297C5F3}"
EndProject
Global
	GlobalSection(SolutionConfigurationPlatforms) = preSolution
		Debug|Any CPU = Debug|Any CPU
		Release|Any CPU = Release|Any CPU
	EndGlobalSection
	GlobalSection(ProjectConfigurationPlatforms) = postSolution
		{7B3C1D52-4E8A-4F6B-9A21-5D0E8C3F1A47}.Debug|Any CPU.ActiveCfg = Debug|Any CPU
		{7B3C1D52-4E8A-4F6B-9A21-5D0E8C3F1A47}.Debug|Any CPU.Build.0 = Debug|Any CPU
		{7B3C1D52-4E8A-4F6B-9A21-5D0E8C3F1A47}.Release|Any CPU.ActiveCfg = Release|Any CPU
		{7B3C1D52-4E8A-4F6B-9A21-5D0E8C3F1A47}.Release|Any CPU.Build.0 = Release|Any CPU
		{10534482-7873-4A54-9F8B-7C675297C5F3}.Debug|Any CPU.ActiveCfg = Debug|Any CPU
		{10534482-7873-4A54-9F8B-7C675297C5F3}.Debug|Any CPU.Build.0 = Debug|Any CPU
		{10534482-7873-4A54-9F8B-7C675297C5F3}.Release|Any CPU.ActiveCfg = Release|Any CPU
		{10534482-7873-4A54-9F8B-7C675297C5F3}.Release|Any CPU.Build.0 = Release|Any CPU
	EndGlobalSection
	GlobalSection(SolutionProperties) = preSolution
		HideSolutionNode = FALSE
	EndGlobalSection
	GlobalSection(ExtensibilityGlobals) = postSolution
		SolutionGuid = {6E17246A-77D2-4EC6-98D0-AA0E73EAC0F2}
	EndGlobalSection
EndGlobal
